
Microsoft Visual Studio Solution File, Format Version 12.00
# Visual Studio Version 17
VisualStudioVersion = 17.2.32630.192
MinimumVisualStudioVersion = 10.0.40219.1
Project("{9A19103F-16F7-4668-BE54-9A1E7A4F7556}") = "prob1-1", "01\prob1-1\prob1-1.csproj", "{0C468D3B-385F-4A9A-A391-809DE913DD93}"
EndProject
Project("{9A19103F-16F7-4668-BE54-9A1E7A4F7556}") = "prob1-2", "01\prob1-2\prob1-2.csproj", "{ED1B5123-4D0B-4472-A7E4-46D54416EEE8}"
EndProject
Project("{9A19103F-16F7-4668-BE54-9A1E7A4F7556}") = "prob1-3", "01\prob1-3\prob1-3.csproj", "{031BC67C-DDEA-40C2-8456-67857E7BE912}"
EndProject
Project("{9A19103F-16F7-4668-BE54-9A1E7A4F7556}") = "prob2-1", "02\prob2-1\prob2-1.csproj", "{A65FAF77-C3CF-4C33-BF6F-A2AB3554CBE8}"
EndProject
Project("{9A19103F-16F7-4668-BE54-9A1E7A4F7556}") = "prob2-2", "02\prob2-2\prob2-2.csproj", "{7F502055-9843-4088-B2C4-CB63DA6FFEA2}"
EndProject
Project("{9A19103F-16F7-4668-BE54-9A1E7A4F7556}") = "prob2-3", "02\prob2-3\prob2-3.csproj", "{68E541E9-4B0D-438B-B436-77FFF80077F8}"
EndProject
Project("{9A19103F-16F7-4668-BE54-9A1E7A4F7556}") = "prob2-4", "02\prob2-4\prob2-4.csproj", "{9AC9995C-CD5E-48C7-8479-84BA2431A235}"
EndProject
Project("{9A19103F-16F7-4668-BE54-9A1E7A4F7556}") = "prob2-5", "02\prob2-5\prob2-5.csproj", "{C907BE10-EB3A-41DF-AF38-0342D5F5016A}"
EndProject
Project("{9A19103F-16F7-4668-BE54-9A1E7A4F7556}") = "prob3-1", "03\prob3-1\prob3-1.csproj", "{2B7FCF80-E659-4F73-98A1-0606E0C40EA8}"
EndProject
Project("{9A19103F-16F7-4668-BE54-9A1E7A4F7556}") = "prob3-2", "03\prob3-2\prob3-2.csproj", "{E666B396-CA03-4CB5-965A-64B2E4A86533}"
EndProject
Project("{9A19103F-16F7-4668-BE54-9A1E7A4F7556}") = "prob3-3", "03\prob3-3\prob3-3.csproj", "{EAF5C068-DC16-4DC1-9A82-29A3A5021833}"
EndProject
Project("{9A19103F-16F7-4668-BE54-9A1E7A4F7556}") = "prob3-4", "03\prob3-4\prob3-4.csproj", "{96538A28-7C2E-40FF-A667-A354D52C8EB1}"
EndProject
Project("{9A19103F-16F7-4668-BE54-9A1E7A4F7556}") = "prob3-5", "03\prob3-5\prob3-5.csproj", "{1C63D79D-C7B6-4DDB-B45D-BC86E366DDD6}"
EndProject
Project("{9A19103F-16F7-4668-BE54-9A1E7A4F7556}") = "prob3-6", "03\prob3-6\prob3-6.csproj", "{461865C7-FC82-414B-A0B9-3B2E3AAFD2E7}"
EndProject
Project("{9A19103F-16F7-4668-BE54-9A1E7A4F7556}") = "prob3-7", "03\prob3-7\prob3-7.csproj", "{56A6F511-B682-4632-878B-15041953EA5F}"
EndProject
Project("{FAE04EC0-301F-11D3-BF4B-00C04F79EFBC}") = "prob3-8", "03\prob3-8\prob3-8.csproj", "{65A8F08C-95B5-49B8-9CD8-8DB4FB709266}"
EndProject
Global
	GlobalSection(SolutionConfigurationPlatforms) = preSolution
		Debug|Any CPU = Debug|Any CPU
		Release|Any CPU = Release|Any CPU
	EndGlobalSection
	GlobalSection(ProjectConfigurationPlatforms) = postSolution
		{0C468D3B-385F-4A9A-A391-809DE913DD93}.Debug|Any CPU.ActiveCfg = Debug|Any CPU
		{0C468D3B-385F-4A9A-A391-809DE913DD93}.Debug|Any CPU.Build.0 = Debug|Any CPU
		{0C468D3B-385F-4A9A-A391-809DE913DD93}.Release|Any CPU.ActiveCfg = Release|Any CPU
		{0C468D3B-385F-4A9A-A391-809DE913DD93}.Release|Any CPU.Build.0 = Release|Any CPU
		{ED1B5123-4D0B-4472-A7E4-46D54416EEE8}.Debug|Any CPU.ActiveCfg = Debug|Any CPU
		{ED1B5123-4D0B-4472-A7E4-46D54416EEE8}.Debug|Any CPU.Build.0 = Debug|Any CPU
		{ED1B5123-4D0B-4472-A7E4-46D54416EEE8}.Release|Any CPU.ActiveCfg = Release|Any CPU
		{ED1B5123-4D0B-4472-A7E4-46D54416EEE8}.Release|Any CPU.Build.0 = Release|Any CPU
		{031BC67C-DDEA-40C2-8456-67857E7BE912}.Debug|Any CPU.ActiveCfg = Debug|Any CPU
		{031BC67C-DDEA-40C2-8456-67857E7BE912}.Debug|Any CPU.Build.0 = Debug|Any CPU
		{031BC67C-DDEA-40C2-8456-67857E7BE912}.Release|Any CPU.ActiveCfg = Release|Any CPU
		{031BC67C-DDEA-40C2-8456-67857E7BE912}.Release|Any CPU.Build.0 = Release|Any CPU
		{A65FAF77-C3CF-4C33-BF6F-A2AB3554CBE8}.Debug|Any CPU.ActiveCfg = Debug|Any CPU
		{A65FAF77-C3CF-4C33-BF6F-A2AB3554CBE8}.Debug|Any CPU.Build.0 = Debug|Any CPU
		{A65FAF77-C3CF-4C33-BF6F-A2AB3554CBE8}.Release|Any CPU.ActiveCfg = Release|Any CPU
		{A65FAF77-C3CF-4C33-BF6F-A2AB3554CBE8}.Release|Any CPU.Build.0 = Release|Any CPU
		{7F502055-9843-4088-B2C4-CB63DA6FFEA2}.Debug|Any CPU.ActiveCfg = Debug|Any CPU
		{7F502055-9843-4088-B2C4-CB63DA6FFEA2}.Debug|Any CPU.Build.0 = Debug|Any CPU
		{7F502055-9843-4088-B2C4-CB63DA6FFEA2}.Release|Any CPU.ActiveCfg = Release|Any CPU
		{7F502055-9843-4088-B2C4-CB63DA6FFEA2}.Release|Any CPU.Build.0 = Release|Any CPU
		{68E541E9-4B0D-438B-B436-77FFF80077F8}.Debug|Any CPU.ActiveCfg = Debug|Any CPU
		{68E541E9-4B0D-438B-B436-77FFF80077F8}.Debug|Any CPU.Build.0 = Debug|Any CPU
		{68E541E9-4B0D-438B-B436-77FFF80077F8}.Release|Any CPU.ActiveCfg = Release|Any CPU
		{68E541E9-4B0D-438B-B436-77FFF80077F8}.Release|Any CPU.Build.0 = Release|Any CPU
		{9AC9995C-CD5E-48C7-8479-84BA2431A235}.Debug|Any CPU.ActiveCfg = Debug|Any CPU
		{9AC9995C-CD5E-48C7-8479-84BA2431A235}.Debug|Any CPU.Build.0 = Debug|Any CPU
		{9AC9995C-CD5E-48C7-8479-84BA2431A235}.Release|Any CPU.ActiveCfg = Release|Any CPU
		{9AC9995C-CD5E-48C7-8479-84BA2431A235}.Release|Any CPU.Build.0 = Release|Any CPU
		{C907BE10-EB3A-41DF-AF38-0342D5F5016A}.Debug|Any CPU.ActiveCfg = Debug|Any CPU
		{C907BE10-EB3A-41DF-AF38-0342D5F5016A}.Debug|Any CPU.Build.0 = Debug|Any CPU
		{C907BE10-EB3A-41DF-AF38-0342D5F5016A}.Release|Any CPU.ActiveCfg = Release|Any CPU
		{C907BE10-EB3A-41DF-AF38-0342D5F5016A}.Release|Any CPU.Build.0 = Release|Any CPU
		{2B7FCF80-E659-4F73-98A1-0606E0C40EA8}.Debug|Any CPU.ActiveCfg = Debug|Any CPU
		{2B7FCF80-E659-4F73-98A1-0606E0C40EA8}.Debug|Any CPU.Build.0 = Debug|Any CPU
		{2B7FCF80-E659-4F73-98A1-0606E0C40EA8}.Release|Any CPU.ActiveCfg = Release|Any CPU
		{2B7FCF80-E659-4F73-98A1-0606E0C40EA8}.Release|Any CPU.Build.0 = Release|Any CPU
		{E666B396-CA03-4CB5-965A-64B2E4A86533}.Debug|Any CPU.ActiveCfg = Debug|Any CPU
		{E666B396-CA03-4CB5-965A-64B2E4A86533}.Debug|Any CPU.Build.0 = Debug|Any CPU
		{E666B396-CA03-4CB5-965A-64B2E4A86533}.Release|Any CPU.ActiveCfg = Release|Any CPU
		{E666B396-CA03-4CB5-965A-64B2E4A86533}.Release|Any CPU.Build.0 = Release|Any CPU
		{EAF5C068-DC16-4DC1-9A82-29A3A5021833}.Debug|Any CPU.ActiveCfg = Debug|Any CPU
		{EAF5C068-DC16-4DC1-9A82-29A3A5021833}.Debug|Any CPU.Build.0 = Debug|Any CPU
		{EAF5C068-DC16-4DC1-9A82-29A3A5021833}.Release|Any CPU.ActiveCfg = Release|Any CPU
		{EAF5C068-DC16-4DC1-9A82-29A3A5021833}.Release|Any CPU.Build.0 = Release|Any CPU
		{96538A28-7C2E-40FF-A667-A354D52C8EB1}.Debug|Any CPU.ActiveCfg = Debug|Any CPU
		{96538A28-7C2E-40FF-A667-A354D52C8EB1}.Debug|Any CPU.Build.0 = Debug|Any CPU
		{96538A28-7C2E-40FF-A667-A354D52C8EB1}.Release|Any CPU.ActiveCfg = Release|Any CPU
		{96538A28-7C2E-40FF-A667-A354D52C8EB1}.Release|Any CPU.Build.0 = Release|Any CPU
		{1C63D79D-C7B6-4DDB-B45D-BC86E366DDD6}.Debug|Any CPU.ActiveCfg = Debug|Any CPU
		{1C63D79D-C7B6-4DDB-B45D-BC86E366DDD6}.Debug|Any CPU.Build.0 = Debug|Any CPU
		{1C63D79D-C7B6-4DDB-B45D-BC86E366DDD6}.Release|Any CPU.ActiveCfg = Release|Any CPU
		{1C63D79D-C7B6-4DDB-B45D-BC86E366DDD6}.Release|Any CPU.Build.0 = Release|Any CPU
		{461865C7-FC82-414B-A0B9-3B2E3AAFD2E7}.Debug|Any CPU.ActiveCfg = Debug|Any CPU
		{461865C7-FC82-414B-A0B9-3B2E3AAFD2E7}.Debug|Any CPU.Build.0 = Debug|Any CPU
		{461865C7-FC82-414B-A0B9-3B2E3AAFD2E7}.Release|Any CPU.ActiveCfg = Release|Any CPU
		{461865C7-FC82-414B-A0B9-3B2E3AAFD2E7}.Release|Any CPU.Build.0 = Release|Any CPU
		{56A6F511-B682-4632-878B-15041953EA5F}.Debug|Any CPU.ActiveCfg = Debug|Any CPU
		{56A6F511-B682-4632-878B-15041953EA5F}.Debug|Any CPU.Build.0 = Debug|Any CPU
		{56A6F511-B682-4632-878B-15041953EA5F}.Release|Any CPU.ActiveCfg = Release|Any CPU
		{56A6F511-B682-4632-878B-15041953EA5F}.Release|Any CPU.Build.0 = Release|Any CPU
		{65A8F08C-95B5-49B8-9CD8-8DB4FB709266}.Debug|Any CPU.ActiveCfg = Debug|Any CPU
		{65A8F08C-95B5-49B8-9CD8-8DB4FB709266}.Debug|Any CPU.Build.0 = Debug|Any CPU
		{65A8F08C-95B5-49B8-9CD8-8DB4FB709266}.Release|Any CPU.ActiveCfg = Release|Any CPU
		{65A8F08C-95B5-49B8-9CD8-8DB4FB709266}.Release|Any CPU.Build.0 = Release|Any CPU
	EndGlobalSection
	GlobalSection(SolutionProperties) = preSolution
		HideSolutionNode = FALSE
	EndGlobalSection
	GlobalSection(ExtensibilityGlobals) = postSolution
		SolutionGuid = {B3CAB543-4C91-4E90-959A-8BAB2140225D}
	EndGlobalSection
EndGlobal
